// !$*UTF8*$!
{
	archiveVersion = 1;
	classes = {
	};
	objectVersion = 56;
	objects = {

/* Begin PBXBuildFile section */
		AECF8DBC2CECE05B00DC35DB /* vivaApp.swift in Sources */ = {isa = PBXBuildFile; fileRef = AECF8DBB2CECE05B00DC35DB /* vivaApp.swift */; };
		AECF8DBE2CECE05B00DC35DB /* ContentView.swift in Sources */ = {isa = PBXBuildFile; fileRef = AECF8DBD2CECE05B00DC35DB /* ContentView.swift */; };
		AECF8DC02CECE05C00DC35DB /* Assets.xcassets in Resources */ = {isa = PBXBuildFile; fileRef = AECF8DBF2CECE05C00DC35DB /* Assets.xcassets */; };
		AECF8DC42CECE05C00DC35DB /* Preview Assets.xcassets in Resources */ = {isa = PBXBuildFile; fileRef = AECF8DC32CECE05C00DC35DB /* Preview Assets.xcassets */; };
		AECF8DCE2CECE05D00DC35DB /* vivaTests.swift in Sources */ = {isa = PBXBuildFile; fileRef = AECF8DCD2CECE05D00DC35DB /* vivaTests.swift */; };
		AECF8DD82CECE05D00DC35DB /* vivaUITests.swift in Sources */ = {isa = PBXBuildFile; fileRef = AECF8DD72CECE05D00DC35DB /* vivaUITests.swift */; };
		AECF8DDA2CECE05D00DC35DB /* vivaUITestsLaunchTests.swift in Sources */ = {isa = PBXBuildFile; fileRef = AECF8DD92CECE05D00DC35DB /* vivaUITestsLaunchTests.swift */; };
/* End PBXBuildFile section */

/* Begin PBXContainerItemProxy section */
		AECF8DCA2CECE05D00DC35DB /* PBXContainerItemProxy */ = {
			isa = PBXContainerItemProxy;
			containerPortal = AECF8DB02CECE05B00DC35DB /* Project object */;
			proxyType = 1;
			remoteGlobalIDString = AECF8DB72CECE05B00DC35DB;
			remoteInfo = viva;
		};
		AECF8DD42CECE05D00DC35DB /* PBXContainerItemProxy */ = {
			isa = PBXContainerItemProxy;
			containerPortal = AECF8DB02CECE05B00DC35DB /* Project object */;
			proxyType = 1;
			remoteGlobalIDString = AECF8DB72CECE05B00DC35DB;
			remoteInfo = viva;
		};
/* End PBXContainerItemProxy section */

/* Begin PBXFileReference section */
		AECF8DB82CECE05B00DC35DB /* viva.app */ = {isa = PBXFileReference; explicitFileType = wrapper.application; includeInIndex = 0; path = viva.app; sourceTree = BUILT_PRODUCTS_DIR; };
		AECF8DBB2CECE05B00DC35DB /* vivaApp.swift */ = {isa = PBXFileReference; lastKnownFileType = sourcecode.swift; path = vivaApp.swift; sourceTree = "<group>"; };
		AECF8DBD2CECE05B00DC35DB /* ContentView.swift */ = {isa = PBXFileReference; lastKnownFileType = sourcecode.swift; path = ContentView.swift; sourceTree = "<group>"; };
		AECF8DBF2CECE05C00DC35DB /* Assets.xcassets */ = {isa = PBXFileReference; lastKnownFileType = folder.assetcatalog; path = Assets.xcassets; sourceTree = "<group>"; };
		AECF8DC12CECE05C00DC35DB /* viva.entitlements */ = {isa = PBXFileReference; lastKnownFileType = text.plist.entitlements; path = viva.entitlements; sourceTree = "<group>"; };
		AECF8DC32CECE05C00DC35DB /* Preview Assets.xcassets */ = {isa = PBXFileReference; lastKnownFileType = folder.assetcatalog; path = "Preview Assets.xcassets"; sourceTree = "<group>"; };
		AECF8DC92CECE05D00DC35DB /* vivaTests.xctest */ = {isa = PBXFileReference; explicitFileType = wrapper.cfbundle; includeInIndex = 0; path = vivaTests.xctest; sourceTree = BUILT_PRODUCTS_DIR; };
		AECF8DCD2CECE05D00DC35DB /* vivaTests.swift */ = {isa = PBXFileReference; lastKnownFileType = sourcecode.swift; path = vivaTests.swift; sourceTree = "<group>"; };
		AECF8DD32CECE05D00DC35DB /* vivaUITests.xctest */ = {isa = PBXFileReference; explicitFileType = wrapper.cfbundle; includeInIndex = 0; path = vivaUITests.xctest; sourceTree = BUILT_PRODUCTS_DIR; };
		AECF8DD72CECE05D00DC35DB /* vivaUITests.swift */ = {isa = PBXFileReference; lastKnownFileType = sourcecode.swift; path = vivaUITests.swift; sourceTree = "<group>"; };
		AECF8DD92CECE05D00DC35DB /* vivaUITestsLaunchTests.swift */ = {isa = PBXFileReference; lastKnownFileType = sourcecode.swift; path = vivaUITestsLaunchTests.swift; sourceTree = "<group>"; };
/* End PBXFileReference section */

/* Begin PBXFrameworksBuildPhase section */
		AECF8DB52CECE05B00DC35DB /* Frameworks */ = {
			isa = PBXFrameworksBuildPhase;
			buildActionMask = 2147483647;
			files = (
			);
			runOnlyForDeploymentPostprocessing = 0;
		};
		AECF8DC62CECE05D00DC35DB /* Frameworks */ = {
			isa = PBXFrameworksBuildPhase;
			buildActionMask = 2147483647;
			files = (
			);
			runOnlyForDeploymentPostprocessing = 0;
		};
		AECF8DD02CECE05D00DC35DB /* Frameworks */ = {
			isa = PBXFrameworksBuildPhase;
			buildActionMask = 2147483647;
			files = (
			);
			runOnlyForDeploymentPostprocessing = 0;
		};
/* End PBXFrameworksBuildPhase section */

/* Begin PBXGroup section */
		AECF8DAF2CECE05B00DC35DB = {
			isa = PBXGroup;
			children = (
				AECF8DBA2CECE05B00DC35DB /* viva */,
				AECF8DCC2CECE05D00DC35DB /* vivaTests */,
				AECF8DD62CECE05D00DC35DB /* vivaUITests */,
				AECF8DB92CECE05B00DC35DB /* Products */,
			);
			sourceTree = "<group>";
		};
		AECF8DB92CECE05B00DC35DB /* Products */ = {
			isa = PBXGroup;
			children = (
				AECF8DB82CECE05B00DC35DB /* viva.app */,
				AECF8DC92CECE05D00DC35DB /* vivaTests.xctest */,
				AECF8DD32CECE05D00DC35DB /* vivaUITests.xctest */,
			);
			name = Products;
			sourceTree = "<group>";
		};
		AECF8DBA2CECE05B00DC35DB /* viva */ = {
			isa = PBXGroup;
			children = (
				AECF8DBB2CECE05B00DC35DB /* vivaApp.swift */,
				AECF8DBD2CECE05B00DC35DB /* ContentView.swift */,
				AECF8DBF2CECE05C00DC35DB /* Assets.xcassets */,
				AECF8DC12CECE05C00DC35DB /* viva.entitlements */,
				AECF8DC22CECE05C00DC35DB /* Preview Content */,
			);
			path = viva;
			sourceTree = "<group>";
		};
		AECF8DC22CECE05C00DC35DB /* Preview Content */ = {
			isa = PBXGroup;
			children = (
				AECF8DC32CECE05C00DC35DB /* Preview Assets.xcassets */,
			);
			path = "Preview Content";
			sourceTree = "<group>";
		};
		AECF8DCC2CECE05D00DC35DB /* vivaTests */ = {
			isa = PBXGroup;
			children = (
				AECF8DCD2CECE05D00DC35DB /* vivaTests.swift */,
			);
			path = vivaTests;
			sourceTree = "<group>";
		};
		AECF8DD62CECE05D00DC35DB /* vivaUITests */ = {
			isa = PBXGroup;
			children = (
				AECF8DD72CECE05D00DC35DB /* vivaUITests.swift */,
				AECF8DD92CECE05D00DC35DB /* vivaUITestsLaunchTests.swift */,
			);
			path = vivaUITests;
			sourceTree = "<group>";
		};
/* End PBXGroup section */

/* Begin PBXNativeTarget section */
		AECF8DB72CECE05B00DC35DB /* viva */ = {
			isa = PBXNativeTarget;
			buildConfigurationList = AECF8DDD2CECE05D00DC35DB /* Build configuration list for PBXNativeTarget "viva" */;
			buildPhases = (
				AECF8DB42CECE05B00DC35DB /* Sources */,
				AECF8DB52CECE05B00DC35DB /* Frameworks */,
				AECF8DB62CECE05B00DC35DB /* Resources */,
			);
			buildRules = (
			);
			dependencies = (
			);
			name = viva;
			productName = viva;
			productReference = AECF8DB82CECE05B00DC35DB /* viva.app */;
			productType = "com.apple.product-type.application";
		};
		AECF8DC82CECE05D00DC35DB /* vivaTests */ = {
			isa = PBXNativeTarget;
			buildConfigurationList = AECF8DE02CECE05D00DC35DB /* Build configuration list for PBXNativeTarget "vivaTests" */;
			buildPhases = (
				AECF8DC52CECE05D00DC35DB /* Sources */,
				AECF8DC62CECE05D00DC35DB /* Frameworks */,
				AECF8DC72CECE05D00DC35DB /* Resources */,
			);
			buildRules = (
			);
			dependencies = (
				AECF8DCB2CECE05D00DC35DB /* PBXTargetDependency */,
			);
			name = vivaTests;
			productName = vivaTests;
			productReference = AECF8DC92CECE05D00DC35DB /* vivaTests.xctest */;
			productType = "com.apple.product-type.bundle.unit-test";
		};
		AECF8DD22CECE05D00DC35DB /* vivaUITests */ = {
			isa = PBXNativeTarget;
			buildConfigurationList = AECF8DE32CECE05D00DC35DB /* Build configuration list for PBXNativeTarget "vivaUITests" */;
			buildPhases = (
				AECF8DCF2CECE05D00DC35DB /* Sources */,
				AECF8DD02CECE05D00DC35DB /* Frameworks */,
				AECF8DD12CECE05D00DC35DB /* Resources */,
			);
			buildRules = (
			);
			dependencies = (
				AECF8DD52CECE05D00DC35DB /* PBXTargetDependency */,
			);
			name = vivaUITests;
			productName = vivaUITests;
			productReference = AECF8DD32CECE05D00DC35DB /* vivaUITests.xctest */;
			productType = "com.apple.product-type.bundle.ui-testing";
		};
/* End PBXNativeTarget section */

/* Begin PBXProject section */
		AECF8DB02CECE05B00DC35DB /* Project object */ = {
			isa = PBXProject;
			attributes = {
				BuildIndependentTargetsInParallel = 1;
				LastSwiftUpdateCheck = 1540;
				LastUpgradeCheck = 1540;
				TargetAttributes = {
					AECF8DB72CECE05B00DC35DB = {
						CreatedOnToolsVersion = 15.4;
					};
					AECF8DC82CECE05D00DC35DB = {
						CreatedOnToolsVersion = 15.4;
						TestTargetID = AECF8DB72CECE05B00DC35DB;
					};
					AECF8DD22CECE05D00DC35DB = {
						CreatedOnToolsVersion = 15.4;
						TestTargetID = AECF8DB72CECE05B00DC35DB;
					};
				};
			};
			buildConfigurationList = AECF8DB32CECE05B00DC35DB /* Build configuration list for PBXProject "viva" */;
			compatibilityVersion = "Xcode 14.0";
			developmentRegion = en;
			hasScannedForEncodings = 0;
			knownRegions = (
				en,
				Base,
			);
			mainGroup = AECF8DAF2CECE05B00DC35DB;
			productRefGroup = AECF8DB92CECE05B00DC35DB /* Products */;
			projectDirPath = "";
			projectRoot = "";
			targets = (
				AECF8DB72CECE05B00DC35DB /* viva */,
				AECF8DC82CECE05D00DC35DB /* vivaTests */,
				AECF8DD22CECE05D00DC35DB /* vivaUITests */,
			);
		};
/* End PBXProject section */

/* Begin PBXResourcesBuildPhase section */
		AECF8DB62CECE05B00DC35DB /* Resources */ = {
			isa = PBXResourcesBuildPhase;
			buildActionMask = 2147483647;
			files = (
				AECF8DC42CECE05C00DC35DB /* Preview Assets.xcassets in Resources */,
				AECF8DC02CECE05C00DC35DB /* Assets.xcassets in Resources */,
			);
			runOnlyForDeploymentPostprocessing = 0;
		};
		AECF8DC72CECE05D00DC35DB /* Resources */ = {
			isa = PBXResourcesBuildPhase;
			buildActionMask = 2147483647;
			files = (
			);
			runOnlyForDeploymentPostprocessing = 0;
		};
		AECF8DD12CECE05D00DC35DB /* Resources */ = {
			isa = PBXResourcesBuildPhase;
			buildActionMask = 2147483647;
			files = (
			);
			runOnlyForDeploymentPostprocessing = 0;
		};
/* End PBXResourcesBuildPhase section */

/* Begin PBXSourcesBuildPhase section */
		AECF8DB42CECE05B00DC35DB /* Sources */ = {
			isa = PBXSourcesBuildPhase;
			buildActionMask = 2147483647;
			files = (
				AECF8DBE2CECE05B00DC35DB /* ContentView.swift in Sources */,
				AECF8DBC2CECE05B00DC35DB /* vivaApp.swift in Sources */,
			);
			runOnlyForDeploymentPostprocessing = 0;
		};
		AECF8DC52CECE05D00DC35DB /* Sources */ = {
			isa = PBXSourcesBuildPhase;
			buildActionMask = 2147483647;
			files = (
				AECF8DCE2CECE05D00DC35DB /* vivaTests.swift in Sources */,
			);
			runOnlyForDeploymentPostprocessing = 0;
		};
		AECF8DCF2CECE05D00DC35DB /* Sources */ = {
			isa = PBXSourcesBuildPhase;
			buildActionMask = 2147483647;
			files = (
				AECF8DDA2CECE05D00DC35DB /* vivaUITestsLaunchTests.swift in Sources */,
				AECF8DD82CECE05D00DC35DB /* vivaUITests.swift in Sources */,
			);
			runOnlyForDeploymentPostprocessing = 0;
		};
/* End PBXSourcesBuildPhase section */

/* Begin PBXTargetDependency section */
		AECF8DCB2CECE05D00DC35DB /* PBXTargetDependency */ = {
			isa = PBXTargetDependency;
			target = AECF8DB72CECE05B00DC35DB /* viva */;
			targetProxy = AECF8DCA2CECE05D00DC35DB /* PBXContainerItemProxy */;
		};
		AECF8DD52CECE05D00DC35DB /* PBXTargetDependency */ = {
			isa = PBXTargetDependency;
			target = AECF8DB72CECE05B00DC35DB /* viva */;
			targetProxy = AECF8DD42CECE05D00DC35DB /* PBXContainerItemProxy */;
		};
/* End PBXTargetDependency section */

/* Begin XCBuildConfiguration section */
		AECF8DDB2CECE05D00DC35DB /* Debug */ = {
			isa = XCBuildConfiguration;
			buildSettings = {
				ALWAYS_SEARCH_USER_PATHS = NO;
				ASSETCATALOG_COMPILER_GENERATE_SWIFT_ASSET_SYMBOL_EXTENSIONS = YES;
				CLANG_ANALYZER_NONNULL = YES;
				CLANG_ANALYZER_NUMBER_OBJECT_CONVERSION = YES_AGGRESSIVE;
				CLANG_CXX_LANGUAGE_STANDARD = "gnu++20";
				CLANG_ENABLE_MODULES = YES;
				CLANG_ENABLE_OBJC_ARC = YES;
				CLANG_ENABLE_OBJC_WEAK = YES;
				CLANG_WARN_BLOCK_CAPTURE_AUTORELEASING = YES;
				CLANG_WARN_BOOL_CONVERSION = YES;
				CLANG_WARN_COMMA = YES;
				CLANG_WARN_CONSTANT_CONVERSION = YES;
				CLANG_WARN_DEPRECATED_OBJC_IMPLEMENTATIONS = YES;
				CLANG_WARN_DIRECT_OBJC_ISA_USAGE = YES_ERROR;
				CLANG_WARN_DOCUMENTATION_COMMENTS = YES;
				CLANG_WARN_EMPTY_BODY = YES;
				CLANG_WARN_ENUM_CONVERSION = YES;
				CLANG_WARN_INFINITE_RECURSION = YES;
				CLANG_WARN_INT_CONVERSION = YES;
				CLANG_WARN_NON_LITERAL_NULL_CONVERSION = YES;
				CLANG_WARN_OBJC_IMPLICIT_RETAIN_SELF = YES;
				CLANG_WARN_OBJC_LITERAL_CONVERSION = YES;
				CLANG_WARN_OBJC_ROOT_CLASS = YES_ERROR;
				CLANG_WARN_QUOTED_INCLUDE_IN_FRAMEWORK_HEADER = YES;
				CLANG_WARN_RANGE_LOOP_ANALYSIS = YES;
				CLANG_WARN_STRICT_PROTOTYPES = YES;
				CLANG_WARN_SUSPICIOUS_MOVE = YES;
				CLANG_WARN_UNGUARDED_AVAILABILITY = YES_AGGRESSIVE;
				CLANG_WARN_UNREACHABLE_CODE = YES;
				CLANG_WARN__DUPLICATE_METHOD_MATCH = YES;
				COPY_PHASE_STRIP = NO;
				DEBUG_INFORMATION_FORMAT = dwarf;
				ENABLE_STRICT_OBJC_MSGSEND = YES;
				ENABLE_TESTABILITY = YES;
				ENABLE_USER_SCRIPT_SANDBOXING = YES;
				GCC_C_LANGUAGE_STANDARD = gnu17;
				GCC_DYNAMIC_NO_PIC = NO;
				GCC_NO_COMMON_BLOCKS = YES;
				GCC_OPTIMIZATION_LEVEL = 0;
				GCC_PREPROCESSOR_DEFINITIONS = (
					"DEBUG=1",
					"$(inherited)",
				);
				GCC_WARN_64_TO_32_BIT_CONVERSION = YES;
				GCC_WARN_ABOUT_RETURN_TYPE = YES_ERROR;
				GCC_WARN_UNDECLARED_SELECTOR = YES;
				GCC_WARN_UNINITIALIZED_AUTOS = YES_AGGRESSIVE;
				GCC_WARN_UNUSED_FUNCTION = YES;
				GCC_WARN_UNUSED_VARIABLE = YES;
				LOCALIZATION_PREFERS_STRING_CATALOGS = YES;
				MTL_ENABLE_DEBUG_INFO = INCLUDE_SOURCE;
				MTL_FAST_MATH = YES;
				ONLY_ACTIVE_ARCH = YES;
				SWIFT_ACTIVE_COMPILATION_CONDITIONS = "DEBUG $(inherited)";
				SWIFT_OPTIMIZATION_LEVEL = "-Onone";
			};
			name = Debug;
		};
		AECF8DDC2CECE05D00DC35DB /* Release */ = {
			isa = XCBuildConfiguration;
			buildSettings = {
				ALWAYS_SEARCH_USER_PATHS = NO;
				ASSETCATALOG_COMPILER_GENERATE_SWIFT_ASSET_SYMBOL_EXTENSIONS = YES;
				CLANG_ANALYZER_NONNULL = YES;
				CLANG_ANALYZER_NUMBER_OBJECT_CONVERSION = YES_AGGRESSIVE;
				CLANG_CXX_LANGUAGE_STANDARD = "gnu++20";
				CLANG_ENABLE_MODULES = YES;
				CLANG_ENABLE_OBJC_ARC = YES;
				CLANG_ENABLE_OBJC_WEAK = YES;
				CLANG_WARN_BLOCK_CAPTURE_AUTORELEASING = YES;
				CLANG_WARN_BOOL_CONVERSION = YES;
				CLANG_WARN_COMMA = YES;
				CLANG_WARN_CONSTANT_CONVERSION = YES;
				CLANG_WARN_DEPRECATED_OBJC_IMPLEMENTATIONS = YES;
				CLANG_WARN_DIRECT_OBJC_ISA_USAGE = YES_ERROR;
				CLANG_WARN_DOCUMENTATION_COMMENTS = YES;
				CLANG_WARN_EMPTY_BODY = YES;
				CLANG_WARN_ENUM_CONVERSION = YES;
				CLANG_WARN_INFINITE_RECURSION = YES;
				CLANG_WARN_INT_CONVERSION = YES;
				CLANG_WARN_NON_LITERAL_NULL_CONVERSION = YES;
				CLANG_WARN_OBJC_IMPLICIT_RETAIN_SELF = YES;
				CLANG_WARN_OBJC_LITERAL_CONVERSION = YES;
				CLANG_WARN_OBJC_ROOT_CLASS = YES_ERROR;
				CLANG_WARN_QUOTED_INCLUDE_IN_FRAMEWORK_HEADER = YES;
				CLANG_WARN_RANGE_LOOP_ANALYSIS = YES;
				CLANG_WARN_STRICT_PROTOTYPES = YES;
				CLANG_WARN_SUSPICIOUS_MOVE = YES;
				CLANG_WARN_UNGUARDED_AVAILABILITY = YES_AGGRESSIVE;
				CLANG_WARN_UNREACHABLE_CODE = YES;
				CLANG_WARN__DUPLICATE_METHOD_MATCH = YES;
				COPY_PHASE_STRIP = NO;
				DEBUG_INFORMATION_FORMAT = "dwarf-with-dsym";
				ENABLE_NS_ASSERTIONS = NO;
				ENABLE_STRICT_OBJC_MSGSEND = YES;
				ENABLE_USER_SCRIPT_SANDBOXING = YES;
				GCC_C_LANGUAGE_STANDARD = gnu17;
				GCC_NO_COMMON_BLOCKS = YES;
				GCC_WARN_64_TO_32_BIT_CONVERSION = YES;
				GCC_WARN_ABOUT_RETURN_TYPE = YES_ERROR;
				GCC_WARN_UNDECLARED_SELECTOR = YES;
				GCC_WARN_UNINITIALIZED_AUTOS = YES_AGGRESSIVE;
				GCC_WARN_UNUSED_FUNCTION = YES;
				GCC_WARN_UNUSED_VARIABLE = YES;
				LOCALIZATION_PREFERS_STRING_CATALOGS = YES;
				MTL_ENABLE_DEBUG_INFO = NO;
				MTL_FAST_MATH = YES;
				SWIFT_COMPILATION_MODE = wholemodule;
			};
			name = Release;
		};
		AECF8DDE2CECE05D00DC35DB /* Debug */ = {
			isa = XCBuildConfiguration;
			buildSettings = {
				ASSETCATALOG_COMPILER_APPICON_NAME = AppIcon;
				ASSETCATALOG_COMPILER_GLOBAL_ACCENT_COLOR_NAME = AccentColor;
				CODE_SIGN_ENTITLEMENTS = viva/viva.entitlements;
				CODE_SIGN_STYLE = Automatic;
				CURRENT_PROJECT_VERSION = 1;
				DEVELOPMENT_ASSET_PATHS = "\"viva/Preview Content\"";
				ENABLE_PREVIEWS = YES;
				GENERATE_INFOPLIST_FILE = YES;
				"INFOPLIST_KEY_UIApplicationSceneManifest_Generation[sdk=iphoneos*]" = YES;
				"INFOPLIST_KEY_UIApplicationSceneManifest_Generation[sdk=iphonesimulator*]" = YES;
				"INFOPLIST_KEY_UIApplicationSupportsIndirectInputEvents[sdk=iphoneos*]" = YES;
				"INFOPLIST_KEY_UIApplicationSupportsIndirectInputEvents[sdk=iphonesimulator*]" = YES;
				"INFOPLIST_KEY_UILaunchScreen_Generation[sdk=iphoneos*]" = YES;
				"INFOPLIST_KEY_UILaunchScreen_Generation[sdk=iphonesimulator*]" = YES;
				"INFOPLIST_KEY_UIStatusBarStyle[sdk=iphoneos*]" = UIStatusBarStyleDefault;
				"INFOPLIST_KEY_UIStatusBarStyle[sdk=iphonesimulator*]" = UIStatusBarStyleDefault;
				INFOPLIST_KEY_UISupportedInterfaceOrientations_iPad = "UIInterfaceOrientationPortrait UIInterfaceOrientationPortraitUpsideDown UIInterfaceOrientationLandscapeLeft UIInterfaceOrientationLandscapeRight";
				INFOPLIST_KEY_UISupportedInterfaceOrientations_iPhone = "UIInterfaceOrientationPortrait UIInterfaceOrientationLandscapeLeft UIInterfaceOrientationLandscapeRight";
				IPHONEOS_DEPLOYMENT_TARGET = 17.5;
				LD_RUNPATH_SEARCH_PATHS = "@executable_path/Frameworks";
				"LD_RUNPATH_SEARCH_PATHS[sdk=macosx*]" = "@executable_path/../Frameworks";
				MACOSX_DEPLOYMENT_TARGET = 14.4;
				MARKETING_VERSION = 1.0;
				PRODUCT_BUNDLE_IDENTIFIER = lava.viva;
				PRODUCT_NAME = "$(TARGET_NAME)";
				SDKROOT = auto;
				SUPPORTED_PLATFORMS = "iphoneos iphonesimulator macosx";
				SWIFT_EMIT_LOC_STRINGS = YES;
				SWIFT_VERSION = 5.0;
				TARGETED_DEVICE_FAMILY = "1,2";
			};
			name = Debug;
		};
		AECF8DDF2CECE05D00DC35DB /* Release */ = {
			isa = XCBuildConfiguration;
			buildSettings = {
				ASSETCATALOG_COMPILER_APPICON_NAME = AppIcon;
				ASSETCATALOG_COMPILER_GLOBAL_ACCENT_COLOR_NAME = AccentColor;
				CODE_SIGN_ENTITLEMENTS = viva/viva.entitlements;
				CODE_SIGN_STYLE = Automatic;
				CURRENT_PROJECT_VERSION = 1;
				DEVELOPMENT_ASSET_PATHS = "\"viva/Preview Content\"";
				ENABLE_PREVIEWS = YES;
				GENERATE_INFOPLIST_FILE = YES;
				"INFOPLIST_KEY_UIApplicationSceneManifest_Generation[sdk=iphoneos*]" = YES;
				"INFOPLIST_KEY_UIApplicationSceneManifest_Generation[sdk=iphonesimulator*]" = YES;
				"INFOPLIST_KEY_UIApplicationSupportsIndirectInputEvents[sdk=iphoneos*]" = YES;
				"INFOPLIST_KEY_UIApplicationSupportsIndirectInputEvents[sdk=iphonesimulator*]" = YES;
				"INFOPLIST_KEY_UILaunchScreen_Generation[sdk=iphoneos*]" = YES;
				"INFOPLIST_KEY_UILaunchScreen_Generation[sdk=iphonesimulator*]" = YES;
				"INFOPLIST_KEY_UIStatusBarStyle[sdk=iphoneos*]" = UIStatusBarStyleDefault;
				"INFOPLIST_KEY_UIStatusBarStyle[sdk=iphonesimulator*]" = UIStatusBarStyleDefault;
				INFOPLIST_KEY_UISupportedInterfaceOrientations_iPad = "UIInterfaceOrientationPortrait UIInterfaceOrientationPortraitUpsideDown UIInterfaceOrientationLandscapeLeft UIInterfaceOrientationLandscapeRight";
				INFOPLIST_KEY_UISupportedInterfaceOrientations_iPhone = "UIInterfaceOrientationPortrait UIInterfaceOrientationLandscapeLeft UIInterfaceOrientationLandscapeRight";
				IPHONEOS_DEPLOYMENT_TARGET = 17.5;
				LD_RUNPATH_SEARCH_PATHS = "@executable_path/Frameworks";
				"LD_RUNPATH_SEARCH_PATHS[sdk=macosx*]" = "@executable_path/../Frameworks";
				MACOSX_DEPLOYMENT_TARGET = 14.4;
				MARKETING_VERSION = 1.0;
				PRODUCT_BUNDLE_IDENTIFIER = lava.viva;
				PRODUCT_NAME = "$(TARGET_NAME)";
				SDKROOT = auto;
				SUPPORTED_PLATFORMS = "iphoneos iphonesimulator macosx";
				SWIFT_EMIT_LOC_STRINGS = YES;
				SWIFT_VERSION = 5.0;
				TARGETED_DEVICE_FAMILY = "1,2";
			};
			name = Release;
		};
		AECF8DE12CECE05D00DC35DB /* Debug */ = {
			isa = XCBuildConfiguration;
			buildSettings = {
				ALWAYS_EMBED_SWIFT_STANDARD_LIBRARIES = YES;
				BUNDLE_LOADER = "$(TEST_HOST)";
				CODE_SIGN_STYLE = Automatic;
				CURRENT_PROJECT_VERSION = 1;
				GENERATE_INFOPLIST_FILE = YES;
				IPHONEOS_DEPLOYMENT_TARGET = 17.5;
				MACOSX_DEPLOYMENT_TARGET = 14.4;
				MARKETING_VERSION = 1.0;
				PRODUCT_BUNDLE_IDENTIFIER = lava.vivaTests;
				PRODUCT_NAME = "$(TARGET_NAME)";
				SDKROOT = auto;
				SUPPORTED_PLATFORMS = "iphoneos iphonesimulator macosx";
				SWIFT_EMIT_LOC_STRINGS = NO;
				SWIFT_VERSION = 5.0;
				TARGETED_DEVICE_FAMILY = "1,2";
				TEST_HOST = "$(BUILT_PRODUCTS_DIR)/viva.app/$(BUNDLE_EXECUTABLE_FOLDER_PATH)/viva";
			};
			name = Debug;
		};
		AECF8DE22CECE05D00DC35DB /* Release */ = {
			isa = XCBuildConfiguration;
			buildSettings = {
				ALWAYS_EMBED_SWIFT_STANDARD_LIBRARIES = YES;
				BUNDLE_LOADER = "$(TEST_HOST)";
				CODE_SIGN_STYLE = Automatic;
				CURRENT_PROJECT_VERSION = 1;
				GENERATE_INFOPLIST_FILE = YES;
				IPHONEOS_DEPLOYMENT_TARGET = 17.5;
				MACOSX_DEPLOYMENT_TARGET = 14.4;
				MARKETING_VERSION = 1.0;
				PRODUCT_BUNDLE_IDENTIFIER = lava.vivaTests;
				PRODUCT_NAME = "$(TARGET_NAME)";
				SDKROOT = auto;
				SUPPORTED_PLATFORMS = "iphoneos iphonesimulator macosx";
				SWIFT_EMIT_LOC_STRINGS = NO;
				SWIFT_VERSION = 5.0;
				TARGETED_DEVICE_FAMILY = "1,2";
				TEST_HOST = "$(BUILT_PRODUCTS_DIR)/viva.app/$(BUNDLE_EXECUTABLE_FOLDER_PATH)/viva";
			};
			name = Release;
		};
		AECF8DE42CECE05D00DC35DB /* Debug */ = {
			isa = XCBuildConfiguration;
			buildSettings = {
				ALWAYS_EMBED_SWIFT_STANDARD_LIBRARIES = YES;
				CODE_SIGN_STYLE = Automatic;
				CURRENT_PROJECT_VERSION = 1;
				GENERATE_INFOPLIST_FILE = YES;
				IPHONEOS_DEPLOYMENT_TARGET = 17.5;
				MACOSX_DEPLOYMENT_TARGET = 14.4;
				MARKETING_VERSION = 1.0;
				PRODUCT_BUNDLE_IDENTIFIER = lava.vivaUITests;
				PRODUCT_NAME = "$(TARGET_NAME)";
				SDKROOT = auto;
				SUPPORTED_PLATFORMS = "iphoneos iphonesimulator macosx";
				SWIFT_EMIT_LOC_STRINGS = NO;
				SWIFT_VERSION = 5.0;
				TARGETED_DEVICE_FAMILY = "1,2";
				TEST_TARGET_NAME = viva;
			};
			name = Debug;
		};
		AECF8DE52CECE05D00DC35DB /* Release */ = {
			isa = XCBuildConfiguration;
			buildSettings = {
				ALWAYS_EMBED_SWIFT_STANDARD_LIBRARIES = YES;
				CODE_SIGN_STYLE = Automatic;
				CURRENT_PROJECT_VERSION = 1;
				GENERATE_INFOPLIST_FILE = YES;
				IPHONEOS_DEPLOYMENT_TARGET = 17.5;
				MACOSX_DEPLOYMENT_TARGET = 14.4;
				MARKETING_VERSION = 1.0;
				PRODUCT_BUNDLE_IDENTIFIER = lava.vivaUITests;
				PRODUCT_NAME = "$(TARGET_NAME)";
				SDKROOT = auto;
				SUPPORTED_PLATFORMS = "iphoneos iphonesimulator macosx";
				SWIFT_EMIT_LOC_STRINGS = NO;
				SWIFT_VERSION = 5.0;
				TARGETED_DEVICE_FAMILY = "1,2";
				TEST_TARGET_NAME = viva;
			};
			name = Release;
		};
/* End XCBuildConfiguration section */

/* Begin XCConfigurationList section */
		AECF8DB32CECE05B00DC35DB /* Build configuration list for PBXProject "viva" */ = {
			isa = XCConfigurationList;
			buildConfigurations = (
				AECF8DDB2CECE05D00DC35DB /* Debug */,
				AECF8DDC2CECE05D00DC35DB /* Release */,
			);
			defaultConfigurationIsVisible = 0;
			defaultConfigurationName = Release;
		};
		AECF8DDD2CECE05D00DC35DB /* Build configuration list for PBXNativeTarget "viva" */ = {
			isa = XCConfigurationList;
			buildConfigurations = (
				AECF8DDE2CECE05D00DC35DB /* Debug */,
				AECF8DDF2CECE05D00DC35DB /* Release */,
			);
			defaultConfigurationIsVisible = 0;
			defaultConfigurationName = Release;
		};
		AECF8DE02CECE05D00DC35DB /* Build configuration list for PBXNativeTarget "vivaTests" */ = {
			isa = XCConfigurationList;
			buildConfigurations = (
				AECF8DE12CECE05D00DC35DB /* Debug */,
				AECF8DE22CECE05D00DC35DB /* Release */,
			);
			defaultConfigurationIsVisible = 0;
			defaultConfigurationName = Release;
		};
		AECF8DE32CECE05D00DC35DB /* Build configuration list for PBXNativeTarget "vivaUITests" */ = {
			isa = XCConfigurationList;
			buildConfigurations = (
				AECF8DE42CECE05D00DC35DB /* Debug */,
				AECF8DE52CECE05D00DC35DB /* Release */,
			);
			defaultConfigurationIsVisible = 0;
			defaultConfigurationName = Release;
		};
/* End XCConfigurationList section */
	};
	rootObject = AECF8DB02CECE05B00DC35DB /* Project object */;
}
